
Microsoft Visual Studio Solution File, Format Version 12.00
# Visual Studio Version 16
VisualStudioVersion = 16.0.33801.447
MinimumVisualStudioVersion = 10.0.40219.1
Project("{FAE04EC0-301F-11D3-BF4B-00C04F79EFBC}") = "Corte1", "Corte1\Corte1.csproj", "{D8815E18-0458-4CB2-B14D-108FF8E3B0F5}"
EndProject
Global
	GlobalSection(SolutionConfigurationPlatforms) = preSolution
		Debug|Any CPU = Debug|Any CPU
		Release|Any CPU = Release|Any CPU
	EndGlobalSection
	GlobalSection(ProjectConfigurationPlatforms) = postSolution
		{D8815E18-0458-4CB2-B14D-108FF8E3B0F5}.Debug|Any CPU.ActiveCfg = Debug|Any CPU
		{D8815E18-0458-4CB2-B14D-108FF8E3B0F5}.Debug|Any CPU.Build.0 = Debug|Any CPU
		{D8815E18-0458-4CB2-B14D-108FF8E3B0F5}.Release|Any CPU.ActiveCfg = Release|Any CPU
		{D8815E18-0458-4CB2-B14D-108FF8E3B0F5}.Release|Any CPU.Build.0 = Release|Any CPU
	EndGlobalSection
	GlobalSection(SolutionProperties) = preSolution
		HideSolutionNode = FALSE
	EndGlobalSection
	GlobalSection(ExtensibilityGlobals) = postSolution
		SolutionGuid = {9E34E62F-9D75-4BE0-8C4D-D015F75C2930}
	EndGlobalSection
EndGlobal
