
Microsoft Visual Studio Solution File, Format Version 12.00
# Visual Studio Version 17
VisualStudioVersion = 17.11.35312.102
MinimumVisualStudioVersion = 10.0.40219.1
Project("{FAE04EC0-301F-11D3-BF4B-00C04F79EFBC}") = "Corte1", "Corte1\Corte1.csproj", "{D037CC30-26F1-4CD8-A7FD-202C97066F90}"
EndProject
Global
	GlobalSection(SolutionConfigurationPlatforms) = preSolution
		Debug|Any CPU = Debug|Any CPU
		Release|Any CPU = Release|Any CPU
	EndGlobalSection
	GlobalSection(ProjectConfigurationPlatforms) = postSolution
		{D037CC30-26F1-4CD8-A7FD-202C97066F90}.Debug|Any CPU.ActiveCfg = Debug|Any CPU
		{D037CC30-26F1-4CD8-A7FD-202C97066F90}.Debug|Any CPU.Build.0 = Debug|Any CPU
		{D037CC30-26F1-4CD8-A7FD-202C97066F90}.Release|Any CPU.ActiveCfg = Release|Any CPU
		{D037CC30-26F1-4CD8-A7FD-202C97066F90}.Release|Any CPU.Build.0 = Release|Any CPU
	EndGlobalSection
	GlobalSection(SolutionProperties) = preSolution
		HideSolutionNode = FALSE
	EndGlobalSection
	GlobalSection(ExtensibilityGlobals) = postSolution
		SolutionGuid = {8DF83F70-5ABF-4EAE-B9E5-E3E4CA2D033F}
	EndGlobalSection
EndGlobal
